
Microsoft Visual Studio Solution File, Format Version 12.00
# Visual Studio Version 16
VisualStudioVersion = 16.0.32002.261
MinimumVisualStudioVersion = 10.0.40219.1
Project("{FAE04EC0-301F-11D3-BF4B-00C04F79EFBC}") = "ProjectPaperSellManager", "ProjectPaperSellManager\ProjectPaperSellManager.csproj", "{C557092F-F826-4E0E-A1BB-9E643570FC65}"
EndProject
Global
	GlobalSection(SolutionConfigurationPlatforms) = preSolution
		Debug|Any CPU = Debug|Any CPU
		Release|Any CPU = Release|Any CPU
	EndGlobalSection
	GlobalSection(ProjectConfigurationPlatforms) = postSolution
		{C557092F-F826-4E0E-A1BB-9E643570FC65}.Debug|Any CPU.ActiveCfg = Debug|Any CPU
		{C557092F-F826-4E0E-A1BB-9E643570FC65}.Debug|Any CPU.Build.0 = Debug|Any CPU
		{C557092F-F826-4E0E-A1BB-9E643570FC65}.Release|Any CPU.ActiveCfg = Release|Any CPU
		{C557092F-F826-4E0E-A1BB-9E643570FC65}.Release|Any CPU.Build.0 = Release|Any CPU
	EndGlobalSection
	GlobalSection(SolutionProperties) = preSolution
		HideSolutionNode = FALSE
	EndGlobalSection
	GlobalSection(ExtensibilityGlobals) = postSolution
		SolutionGuid = {CDFF8D05-F1EE-4DAC-A221-E7AE5545FC4A}
	EndGlobalSection
EndGlobal
